
Microsoft Visual Studio Solution File, Format Version 12.00
# Visual Studio Version 16
VisualStudioVersion = 16.0.32126.315
MinimumVisualStudioVersion = 10.0.40219.1
Project("{FAE04EC0-301F-11D3-BF4B-00C04F79EFBC}") = "LearningProject", "LearningProject\LearningProject.csproj", "{3E1D52C9-D002-424D-92E3-84EEE10F20E0}"
EndProject
Global
	GlobalSection(SolutionConfigurationPlatforms) = preSolution
		Debug|Any CPU = Debug|Any CPU
		Release|Any CPU = Release|Any CPU
	EndGlobalSection
	GlobalSection(ProjectConfigurationPlatforms) = postSolution
		{3E1D52C9-D002-424D-92E3-84EEE10F20E0}.Debug|Any CPU.ActiveCfg = Debug|Any CPU
		{3E1D52C9-D002-424D-92E3-84EEE10F20E0}.Debug|Any CPU.Build.0 = Debug|Any CPU
		{3E1D52C9-D002-424D-92E3-84EEE10F20E0}.Release|Any CPU.ActiveCfg = Release|Any CPU
		{3E1D52C9-D002-424D-92E3-84EEE10F20E0}.Release|Any CPU.Build.0 = Release|Any CPU
	EndGlobalSection
	GlobalSection(SolutionProperties) = preSolution
		HideSolutionNode = FALSE
	EndGlobalSection
	GlobalSection(ExtensibilityGlobals) = postSolution
		SolutionGuid = {78D0D3E3-C94A-4FE2-B2E3-1BD955F74AAB}
	EndGlobalSection
EndGlobal
